<?xml version="1.0" encoding="utf-8"?>
<Project ToolsVersion="4.0" xmlns="http://schemas.microsoft.com/developer/msbuild/2003">
  <ItemGroup>
    <Filter Include="Source Files">
      <UniqueIdentifier>{4FC737F1-C7A5-4376-A066-2A32D752A2FF}</UniqueIdentifier>
      <Extensions>cpp;c;cc;cxx;def;odl;idl;hpj;bat;asm;asmx</Extensions>
    </Filter>
    <Filter Include="Header Files">
      <UniqueIdentifier>{93995380-89BD-4b04-88EB-625FBE52EBFB}</UniqueIdentifier>
      <Extensions>h;hpp;hxx;hm;inl;inc;xsd</Extensions>
    </Filter>
    <Filter Include="Resource Files">
      <UniqueIdentifier>{67DA6AB6-F800-4c08-8B7A-83BB121AAD01}</UniqueIdentifier>
      <Extensions>rc;ico;cur;bmp;dlg;rc2;rct;bin;rgs;gif;jpg;jpeg;jpe;resx;tiff;tif;png;wav;mfcribbon-ms</Extensions>
    </Filter>
    <Filter Include="Header Files\math">
      <UniqueIdentifier>{ef55d7ed-be8d-4a91-a752-baf505097a24}</UniqueIdentifier>
    </Filter>
    <Filter Include="Header Files\math\Curves">
      <UniqueIdentifier>{108a2073-3ef8-452c-a508-612fdb7c8a46}</UniqueIdentifier>
    </Filter>
    <Filter Include="Header Files\Controller">
      <UniqueIdentifier>{1bfe4bb9-1b4b-41f9-979d-e648688d3cc0}</UniqueIdentifier>
    </Filter>
  </ItemGroup>
  <ItemGroup>
    <ClInclude Include="..\include\math\Matrix.hpp">
      <Filter>Header Files\math</Filter>
    </ClInclude>
    <ClInclude Include="..\include\math\matrix_functions.hpp">
      <Filter>Header Files\math</Filter>
    </ClInclude>
    <ClInclude Include="..\include\math\Vector.hpp">
      <Filter>Header Files\math</Filter>
    </ClInclude>
    <ClInclude Include="..\include\macros.h">
      <Filter>Header Files</Filter>
    </ClInclude>
    <ClInclude Include="..\include\Controller\Controller.h">
      <Filter>Header Files\Controller</Filter>
    </ClInclude>
    <ClInclude Include="..\include\math\Curves\Bezier.hpp">
      <Filter>Header Files\math\Curves</Filter>
    </ClInclude>
    <ClInclude Include="..\include\math\Curves\BezierSurface.h">
      <Filter>Header Files\math\Curves</Filter>
    </ClInclude>
    <ClInclude Include="..\include\math\Curves\math_aux.hpp">
      <Filter>Header Files\math\Curves</Filter>
    </ClInclude>
    <ClInclude Include="..\include\Controller\Camera.hpp">
      <Filter>Header Files\Controller</Filter>
    </ClInclude>
  </ItemGroup>
  <ItemGroup>
    <ClCompile Include="..\src\main.cpp">
      <Filter>Source Files</Filter>
    </ClCompile>
    <ClCompile Include="..\src\Controller\Controller.cpp">
      <Filter>Header Files\Controller</Filter>
    </ClCompile>
  </ItemGroup>
</Project>